{
  "pins" : [
    {
      "identity" : "sendbird-calls-ios",
      "kind" : "remoteSourceControl",
      "location" : "https://github.com/sendbird/sendbird-calls-ios",
      "state" : {
        "revision" : "6c547337aabb0211338acf985ba44cb31e8ead0b",
        "version" : "1.10.11"
      }
    },
    {
      "identity" : "sendbird-webrtc-ios",
      "kind" : "remoteSourceControl",
      "location" : "https://github.com/sendbird/sendbird-webrtc-ios",
      "state" : {
        "revision" : "a92c5e8137242b404ffb9cffc087f4afbcaf7eed",
        "version" : "1.7.0"
      }
    }
  ],
  "version" : 2
}
